
Microsoft Visual Studio Solution File, Format Version 12.00
# Visual Studio 15
VisualStudioVersion = 15.0.28010.2026
MinimumVisualStudioVersion = 10.0.40219.1
Project("{FAE04EC0-301F-11D3-BF4B-00C04F79EFBC}") = "JsonConverter", "JsonConverter\JsonConverter.csproj", "{6319BA3C-0924-4B5F-AA41-9A3BBD2D1DDE}"
EndProject
Global
	GlobalSection(SolutionConfigurationPlatforms) = preSolution
		Debug|Any CPU = Debug|Any CPU
		Release|Any CPU = Release|Any CPU
	EndGlobalSection
	GlobalSection(ProjectConfigurationPlatforms) = postSolution
		{6319BA3C-0924-4B5F-AA41-9A3BBD2D1DDE}.Debug|Any CPU.ActiveCfg = Debug|Any CPU
		{6319BA3C-0924-4B5F-AA41-9A3BBD2D1DDE}.Debug|Any CPU.Build.0 = Debug|Any CPU
		{6319BA3C-0924-4B5F-AA41-9A3BBD2D1DDE}.Release|Any CPU.ActiveCfg = Release|Any CPU
		{6319BA3C-0924-4B5F-AA41-9A3BBD2D1DDE}.Release|Any CPU.Build.0 = Release|Any CPU
	EndGlobalSection
	GlobalSection(SolutionProperties) = preSolution
		HideSolutionNode = FALSE
	EndGlobalSection
	GlobalSection(ExtensibilityGlobals) = postSolution
		SolutionGuid = {4D4FA73B-B637-43F6-9272-9C4A4B5D2E3E}
	EndGlobalSection
EndGlobal
